
Microsoft Visual Studio Solution File, Format Version 12.00
# Visual Studio Version 17
VisualStudioVersion = 17.4.33122.133
MinimumVisualStudioVersion = 10.0.40219.1
Project("{FAE04EC0-301F-11D3-BF4B-00C04F79EFBC}") = "CesarMorales", "CesarMorales\CesarMorales.csproj", "{F7688E61-5740-4C2C-A91E-24CE530C018D}"
EndProject
Global
	GlobalSection(SolutionConfigurationPlatforms) = preSolution
		Debug|Any CPU = Debug|Any CPU
		Release|Any CPU = Release|Any CPU
	EndGlobalSection
	GlobalSection(ProjectConfigurationPlatforms) = postSolution
		{F7688E61-5740-4C2C-A91E-24CE530C018D}.Debug|Any CPU.ActiveCfg = Debug|Any CPU
		{F7688E61-5740-4C2C-A91E-24CE530C018D}.Debug|Any CPU.Build.0 = Debug|Any CPU
		{F7688E61-5740-4C2C-A91E-24CE530C018D}.Release|Any CPU.ActiveCfg = Release|Any CPU
		{F7688E61-5740-4C2C-A91E-24CE530C018D}.Release|Any CPU.Build.0 = Release|Any CPU
	EndGlobalSection
	GlobalSection(SolutionProperties) = preSolution
		HideSolutionNode = FALSE
	EndGlobalSection
	GlobalSection(ExtensibilityGlobals) = postSolution
		SolutionGuid = {FCD77DA7-3B64-475D-89C6-5560F747E09E}
	EndGlobalSection
EndGlobal
